{
    "name": "@hellocoop/client",
    "version": "1.0.0",
    "lockfileVersion": 3,
    "requires": true,
    "packages": {
        "": {
            "name": "@hellocoop/client",
            "version": "1.0.0",
            "license": "MIT",
            "dependencies": {
                "jwt-decode": "^3.1.2",
                "pkce-challenge": "^3.1.0"
            },
            "devDependencies": {
                "typescript": "^5.2.2"
            }
        },
        "node_modules/crypto-js": {
            "version": "4.1.1",
            "resolved": "https://registry.npmjs.org/crypto-js/-/crypto-js-4.1.1.tgz",
            "integrity": "sha512-o2JlM7ydqd3Qk9CA0L4NL6mTzU2sdx96a+oOfPu8Mkl/PK51vSyoi8/rQ8NknZtk44vq15lmhAj9CIAGwgeWKw=="
        },
        "node_modules/jwt-decode": {
            "version": "3.1.2",
            "resolved": "https://registry.npmjs.org/jwt-decode/-/jwt-decode-3.1.2.tgz",
            "integrity": "sha512-UfpWE/VZn0iP50d8cz9NrZLM9lSWhcJ+0Gt/nm4by88UL+J1SiKN8/5dkjMmbEzwL2CAe+67GsegCbIKtbp75A=="
        },
        "node_modules/pkce-challenge": {
            "version": "3.1.0",
            "resolved": "https://registry.npmjs.org/pkce-challenge/-/pkce-challenge-3.1.0.tgz",
            "integrity": "sha512-bQ/0XPZZ7eX+cdAkd61uYWpfMhakH3NeteUF1R8GNa+LMqX8QFAkbCLqq+AYAns1/ueACBu/BMWhrlKGrdvGZg==",
            "dependencies": {
                "crypto-js": "^4.1.1"
            }
        },
        "node_modules/typescript": {
            "version": "5.2.2",
            "resolved": "https://registry.npmjs.org/typescript/-/typescript-5.2.2.tgz",
            "integrity": "sha512-mI4WrpHsbCIcwT9cF4FZvr80QUeKvsUsUvKDoR+X/7XHQH98xYD8YHZg7ANtz2GtZt/CBq2QJ0thkGJMHfqc1w==",
            "dev": true,
            "bin": {
                "tsc": "bin/tsc",
                "tsserver": "bin/tsserver"
            },
            "engines": {
                "node": ">=14.17"
            }
        }
    }
}
